// !$*UTF8*$!
{
	archiveVersion = 1;
	classes = {
	};
	objectVersion = 55;
	objects = {

/* Begin PBXBuildFile section */
		47F0081527DE181700888EC9 /* UI_504App.swift in Sources */ = {isa = PBXBuildFile; fileRef = 47F0081427DE181700888EC9 /* UI_504App.swift */; };
		47F0081727DE181700888EC9 /* ContentView.swift in Sources */ = {isa = PBXBuildFile; fileRef = 47F0081627DE181700888EC9 /* ContentView.swift */; };
		47F0081927DE181800888EC9 /* Assets.xcassets in Resources */ = {isa = PBXBuildFile; fileRef = 47F0081827DE181800888EC9 /* Assets.xcassets */; };
		47F0081C27DE181800888EC9 /* Preview Assets.xcassets in Resources */ = {isa = PBXBuildFile; fileRef = 47F0081B27DE181800888EC9 /* Preview Assets.xcassets */; };
		47F0082627DE181800888EC9 /* UI_504Tests.swift in Sources */ = {isa = PBXBuildFile; fileRef = 47F0082527DE181800888EC9 /* UI_504Tests.swift */; };
		47F0083027DE181800888EC9 /* UI_504UITests.swift in Sources */ = {isa = PBXBuildFile; fileRef = 47F0082F27DE181800888EC9 /* UI_504UITests.swift */; };
		47F0083227DE181800888EC9 /* UI_504UITestsLaunchTests.swift in Sources */ = {isa = PBXBuildFile; fileRef = 47F0083127DE181800888EC9 /* UI_504UITestsLaunchTests.swift */; };
		47F0084027DE184100888EC9 /* Home.swift in Sources */ = {isa = PBXBuildFile; fileRef = 47F0083F27DE184100888EC9 /* Home.swift */; };
		47F0084227DE185C00888EC9 /* Rating.json in Resources */ = {isa = PBXBuildFile; fileRef = 47F0084127DE185C00888EC9 /* Rating.json */; };
		47F0084527DE187100888EC9 /* Lottie in Frameworks */ = {isa = PBXBuildFile; productRef = 47F0084427DE187100888EC9 /* Lottie */; };
		47F0084727DE188000888EC9 /* LottieView.swift in Sources */ = {isa = PBXBuildFile; fileRef = 47F0084627DE188000888EC9 /* LottieView.swift */; };
		47F0084A27DE214200888EC9 /* Trip.swift in Sources */ = {isa = PBXBuildFile; fileRef = 47F0084927DE214200888EC9 /* Trip.swift */; };
		47F0084C27DE217B00888EC9 /* TripView.swift in Sources */ = {isa = PBXBuildFile; fileRef = 47F0084B27DE217B00888EC9 /* TripView.swift */; };
		47F0084F27DE363100888EC9 /* HomeViewModel.swift in Sources */ = {isa = PBXBuildFile; fileRef = 47F0084E27DE363100888EC9 /* HomeViewModel.swift */; };
/* End PBXBuildFile section */

/* Begin PBXContainerItemProxy section */
		47F0082227DE181800888EC9 /* PBXContainerItemProxy */ = {
			isa = PBXContainerItemProxy;
			containerPortal = 47F0080927DE181700888EC9 /* Project object */;
			proxyType = 1;
			remoteGlobalIDString = 47F0081027DE181700888EC9;
			remoteInfo = "UI-504";
		};
		47F0082C27DE181800888EC9 /* PBXContainerItemProxy */ = {
			isa = PBXContainerItemProxy;
			containerPortal = 47F0080927DE181700888EC9 /* Project object */;
			proxyType = 1;
			remoteGlobalIDString = 47F0081027DE181700888EC9;
			remoteInfo = "UI-504";
		};
/* End PBXContainerItemProxy section */

/* Begin PBXFileReference section */
		47F0081127DE181700888EC9 /* UI-504.app */ = {isa = PBXFileReference; explicitFileType = wrapper.application; includeInIndex = 0; path = "UI-504.app"; sourceTree = BUILT_PRODUCTS_DIR; };
		47F0081427DE181700888EC9 /* UI_504App.swift */ = {isa = PBXFileReference; lastKnownFileType = sourcecode.swift; path = UI_504App.swift; sourceTree = "<group>"; };
		47F0081627DE181700888EC9 /* ContentView.swift */ = {isa = PBXFileReference; lastKnownFileType = sourcecode.swift; path = ContentView.swift; sourceTree = "<group>"; };
		47F0081827DE181800888EC9 /* Assets.xcassets */ = {isa = PBXFileReference; lastKnownFileType = folder.assetcatalog; path = Assets.xcassets; sourceTree = "<group>"; };
		47F0081B27DE181800888EC9 /* Preview Assets.xcassets */ = {isa = PBXFileReference; lastKnownFileType = folder.assetcatalog; path = "Preview Assets.xcassets"; sourceTree = "<group>"; };
		47F0082127DE181800888EC9 /* UI-504Tests.xctest */ = {isa = PBXFileReference; explicitFileType = wrapper.cfbundle; includeInIndex = 0; path = "UI-504Tests.xctest"; sourceTree = BUILT_PRODUCTS_DIR; };
		47F0082527DE181800888EC9 /* UI_504Tests.swift */ = {isa = PBXFileReference; lastKnownFileType = sourcecode.swift; path = UI_504Tests.swift; sourceTree = "<group>"; };
		47F0082B27DE181800888EC9 /* UI-504UITests.xctest */ = {isa = PBXFileReference; explicitFileType = wrapper.cfbundle; includeInIndex = 0; path = "UI-504UITests.xctest"; sourceTree = BUILT_PRODUCTS_DIR; };
		47F0082F27DE181800888EC9 /* UI_504UITests.swift */ = {isa = PBXFileReference; lastKnownFileType = sourcecode.swift; path = UI_504UITests.swift; sourceTree = "<group>"; };
		47F0083127DE181800888EC9 /* UI_504UITestsLaunchTests.swift */ = {isa = PBXFileReference; lastKnownFileType = sourcecode.swift; path = UI_504UITestsLaunchTests.swift; sourceTree = "<group>"; };
		47F0083F27DE184100888EC9 /* Home.swift */ = {isa = PBXFileReference; lastKnownFileType = sourcecode.swift; path = Home.swift; sourceTree = "<group>"; };
		47F0084127DE185C00888EC9 /* Rating.json */ = {isa = PBXFileReference; fileEncoding = 4; lastKnownFileType = text.json; path = Rating.json; sourceTree = "<group>"; };
		47F0084627DE188000888EC9 /* LottieView.swift */ = {isa = PBXFileReference; lastKnownFileType = sourcecode.swift; path = LottieView.swift; sourceTree = "<group>"; };
		47F0084927DE214200888EC9 /* Trip.swift */ = {isa = PBXFileReference; lastKnownFileType = sourcecode.swift; path = Trip.swift; sourceTree = "<group>"; };
		47F0084B27DE217B00888EC9 /* TripView.swift */ = {isa = PBXFileReference; lastKnownFileType = sourcecode.swift; path = TripView.swift; sourceTree = "<group>"; };
		47F0084E27DE363100888EC9 /* HomeViewModel.swift */ = {isa = PBXFileReference; lastKnownFileType = sourcecode.swift; path = HomeViewModel.swift; sourceTree = "<group>"; };
/* End PBXFileReference section */

/* Begin PBXFrameworksBuildPhase section */
		47F0080E27DE181700888EC9 /* Frameworks */ = {
			isa = PBXFrameworksBuildPhase;
			buildActionMask = 2147483647;
			files = (
				47F0084527DE187100888EC9 /* Lottie in Frameworks */,
			);
			runOnlyForDeploymentPostprocessing = 0;
		};
		47F0081E27DE181800888EC9 /* Frameworks */ = {
			isa = PBXFrameworksBuildPhase;
			buildActionMask = 2147483647;
			files = (
			);
			runOnlyForDeploymentPostprocessing = 0;
		};
		47F0082827DE181800888EC9 /* Frameworks */ = {
			isa = PBXFrameworksBuildPhase;
			buildActionMask = 2147483647;
			files = (
			);
			runOnlyForDeploymentPostprocessing = 0;
		};
/* End PBXFrameworksBuildPhase section */

/* Begin PBXGroup section */
		47F0080827DE181700888EC9 = {
			isa = PBXGroup;
			children = (
				47F0084127DE185C00888EC9 /* Rating.json */,
				47F0081327DE181700888EC9 /* UI-504 */,
				47F0082427DE181800888EC9 /* UI-504Tests */,
				47F0082E27DE181800888EC9 /* UI-504UITests */,
				47F0081227DE181700888EC9 /* Products */,
			);
			sourceTree = "<group>";
		};
		47F0081227DE181700888EC9 /* Products */ = {
			isa = PBXGroup;
			children = (
				47F0081127DE181700888EC9 /* UI-504.app */,
				47F0082127DE181800888EC9 /* UI-504Tests.xctest */,
				47F0082B27DE181800888EC9 /* UI-504UITests.xctest */,
			);
			name = Products;
			sourceTree = "<group>";
		};
		47F0081327DE181700888EC9 /* UI-504 */ = {
			isa = PBXGroup;
			children = (
				47F0084D27DE362200888EC9 /* ViewModel */,
				47F0084827DE213900888EC9 /* Model */,
				47F0083E27DE183D00888EC9 /* View */,
				47F0081427DE181700888EC9 /* UI_504App.swift */,
				47F0081627DE181700888EC9 /* ContentView.swift */,
				47F0081827DE181800888EC9 /* Assets.xcassets */,
				47F0081A27DE181800888EC9 /* Preview Content */,
			);
			path = "UI-504";
			sourceTree = "<group>";
		};
		47F0081A27DE181800888EC9 /* Preview Content */ = {
			isa = PBXGroup;
			children = (
				47F0081B27DE181800888EC9 /* Preview Assets.xcassets */,
			);
			path = "Preview Content";
			sourceTree = "<group>";
		};
		47F0082427DE181800888EC9 /* UI-504Tests */ = {
			isa = PBXGroup;
			children = (
				47F0082527DE181800888EC9 /* UI_504Tests.swift */,
			);
			path = "UI-504Tests";
			sourceTree = "<group>";
		};
		47F0082E27DE181800888EC9 /* UI-504UITests */ = {
			isa = PBXGroup;
			children = (
				47F0082F27DE181800888EC9 /* UI_504UITests.swift */,
				47F0083127DE181800888EC9 /* UI_504UITestsLaunchTests.swift */,
			);
			path = "UI-504UITests";
			sourceTree = "<group>";
		};
		47F0083E27DE183D00888EC9 /* View */ = {
			isa = PBXGroup;
			children = (
				47F0083F27DE184100888EC9 /* Home.swift */,
				47F0084627DE188000888EC9 /* LottieView.swift */,
				47F0084B27DE217B00888EC9 /* TripView.swift */,
			);
			path = View;
			sourceTree = "<group>";
		};
		47F0084827DE213900888EC9 /* Model */ = {
			isa = PBXGroup;
			children = (
				47F0084927DE214200888EC9 /* Trip.swift */,
			);
			path = Model;
			sourceTree = "<group>";
		};
		47F0084D27DE362200888EC9 /* ViewModel */ = {
			isa = PBXGroup;
			children = (
				47F0084E27DE363100888EC9 /* HomeViewModel.swift */,
			);
			path = ViewModel;
			sourceTree = "<group>";
		};
/* End PBXGroup section */

/* Begin PBXNativeTarget section */
		47F0081027DE181700888EC9 /* UI-504 */ = {
			isa = PBXNativeTarget;
			buildConfigurationList = 47F0083527DE181800888EC9 /* Build configuration list for PBXNativeTarget "UI-504" */;
			buildPhases = (
				47F0080D27DE181700888EC9 /* Sources */,
				47F0080E27DE181700888EC9 /* Frameworks */,
				47F0080F27DE181700888EC9 /* Resources */,
			);
			buildRules = (
			);
			dependencies = (
			);
			name = "UI-504";
			packageProductDependencies = (
				47F0084427DE187100888EC9 /* Lottie */,
			);
			productName = "UI-504";
			productReference = 47F0081127DE181700888EC9 /* UI-504.app */;
			productType = "com.apple.product-type.application";
		};
		47F0082027DE181800888EC9 /* UI-504Tests */ = {
			isa = PBXNativeTarget;
			buildConfigurationList = 47F0083827DE181800888EC9 /* Build configuration list for PBXNativeTarget "UI-504Tests" */;
			buildPhases = (
				47F0081D27DE181800888EC9 /* Sources */,
				47F0081E27DE181800888EC9 /* Frameworks */,
				47F0081F27DE181800888EC9 /* Resources */,
			);
			buildRules = (
			);
			dependencies = (
				47F0082327DE181800888EC9 /* PBXTargetDependency */,
			);
			name = "UI-504Tests";
			productName = "UI-504Tests";
			productReference = 47F0082127DE181800888EC9 /* UI-504Tests.xctest */;
			productType = "com.apple.product-type.bundle.unit-test";
		};
		47F0082A27DE181800888EC9 /* UI-504UITests */ = {
			isa = PBXNativeTarget;
			buildConfigurationList = 47F0083B27DE181800888EC9 /* Build configuration list for PBXNativeTarget "UI-504UITests" */;
			buildPhases = (
				47F0082727DE181800888EC9 /* Sources */,
				47F0082827DE181800888EC9 /* Frameworks */,
				47F0082927DE181800888EC9 /* Resources */,
			);
			buildRules = (
			);
			dependencies = (
				47F0082D27DE181800888EC9 /* PBXTargetDependency */,
			);
			name = "UI-504UITests";
			productName = "UI-504UITests";
			productReference = 47F0082B27DE181800888EC9 /* UI-504UITests.xctest */;
			productType = "com.apple.product-type.bundle.ui-testing";
		};
/* End PBXNativeTarget section */

/* Begin PBXProject section */
		47F0080927DE181700888EC9 /* Project object */ = {
			isa = PBXProject;
			attributes = {
				BuildIndependentTargetsInParallel = 1;
				LastSwiftUpdateCheck = 1330;
				LastUpgradeCheck = 1330;
				TargetAttributes = {
					47F0081027DE181700888EC9 = {
						CreatedOnToolsVersion = 13.3;
					};
					47F0082027DE181800888EC9 = {
						CreatedOnToolsVersion = 13.3;
						TestTargetID = 47F0081027DE181700888EC9;
					};
					47F0082A27DE181800888EC9 = {
						CreatedOnToolsVersion = 13.3;
						TestTargetID = 47F0081027DE181700888EC9;
					};
				};
			};
			buildConfigurationList = 47F0080C27DE181700888EC9 /* Build configuration list for PBXProject "UI-504" */;
			compatibilityVersion = "Xcode 13.0";
			developmentRegion = en;
			hasScannedForEncodings = 0;
			knownRegions = (
				en,
				Base,
			);
			mainGroup = 47F0080827DE181700888EC9;
			packageReferences = (
				47F0084327DE187100888EC9 /* XCRemoteSwiftPackageReference "lottie-ios" */,
			);
			productRefGroup = 47F0081227DE181700888EC9 /* Products */;
			projectDirPath = "";
			projectRoot = "";
			targets = (
				47F0081027DE181700888EC9 /* UI-504 */,
				47F0082027DE181800888EC9 /* UI-504Tests */,
				47F0082A27DE181800888EC9 /* UI-504UITests */,
			);
		};
/* End PBXProject section */

/* Begin PBXResourcesBuildPhase section */
		47F0080F27DE181700888EC9 /* Resources */ = {
			isa = PBXResourcesBuildPhase;
			buildActionMask = 2147483647;
			files = (
				47F0081C27DE181800888EC9 /* Preview Assets.xcassets in Resources */,
				47F0084227DE185C00888EC9 /* Rating.json in Resources */,
				47F0081927DE181800888EC9 /* Assets.xcassets in Resources */,
			);
			runOnlyForDeploymentPostprocessing = 0;
		};
		47F0081F27DE181800888EC9 /* Resources */ = {
			isa = PBXResourcesBuildPhase;
			buildActionMask = 2147483647;
			files = (
			);
			runOnlyForDeploymentPostprocessing = 0;
		};
		47F0082927DE181800888EC9 /* Resources */ = {
			isa = PBXResourcesBuildPhase;
			buildActionMask = 2147483647;
			files = (
			);
			runOnlyForDeploymentPostprocessing = 0;
		};
/* End PBXResourcesBuildPhase section */

/* Begin PBXSourcesBuildPhase section */
		47F0080D27DE181700888EC9 /* Sources */ = {
			isa = PBXSourcesBuildPhase;
			buildActionMask = 2147483647;
			files = (
				47F0084A27DE214200888EC9 /* Trip.swift in Sources */,
				47F0081727DE181700888EC9 /* ContentView.swift in Sources */,
				47F0084F27DE363100888EC9 /* HomeViewModel.swift in Sources */,
				47F0084027DE184100888EC9 /* Home.swift in Sources */,
				47F0084C27DE217B00888EC9 /* TripView.swift in Sources */,
				47F0081527DE181700888EC9 /* UI_504App.swift in Sources */,
				47F0084727DE188000888EC9 /* LottieView.swift in Sources */,
			);
			runOnlyForDeploymentPostprocessing = 0;
		};
		47F0081D27DE181800888EC9 /* Sources */ = {
			isa = PBXSourcesBuildPhase;
			buildActionMask = 2147483647;
			files = (
				47F0082627DE181800888EC9 /* UI_504Tests.swift in Sources */,
			);
			runOnlyForDeploymentPostprocessing = 0;
		};
		47F0082727DE181800888EC9 /* Sources */ = {
			isa = PBXSourcesBuildPhase;
			buildActionMask = 2147483647;
			files = (
				47F0083227DE181800888EC9 /* UI_504UITestsLaunchTests.swift in Sources */,
				47F0083027DE181800888EC9 /* UI_504UITests.swift in Sources */,
			);
			runOnlyForDeploymentPostprocessing = 0;
		};
/* End PBXSourcesBuildPhase section */

/* Begin PBXTargetDependency section */
		47F0082327DE181800888EC9 /* PBXTargetDependency */ = {
			isa = PBXTargetDependency;
			target = 47F0081027DE181700888EC9 /* UI-504 */;
			targetProxy = 47F0082227DE181800888EC9 /* PBXContainerItemProxy */;
		};
		47F0082D27DE181800888EC9 /* PBXTargetDependency */ = {
			isa = PBXTargetDependency;
			target = 47F0081027DE181700888EC9 /* UI-504 */;
			targetProxy = 47F0082C27DE181800888EC9 /* PBXContainerItemProxy */;
		};
/* End PBXTargetDependency section */

/* Begin XCBuildConfiguration section */
		47F0083327DE181800888EC9 /* Debug */ = {
			isa = XCBuildConfiguration;
			buildSettings = {
				ALWAYS_SEARCH_USER_PATHS = NO;
				CLANG_ANALYZER_NONNULL = YES;
				CLANG_ANALYZER_NUMBER_OBJECT_CONVERSION = YES_AGGRESSIVE;
				CLANG_CXX_LANGUAGE_STANDARD = "gnu++17";
				CLANG_ENABLE_MODULES = YES;
				CLANG_ENABLE_OBJC_ARC = YES;
				CLANG_ENABLE_OBJC_WEAK = YES;
				CLANG_WARN_BLOCK_CAPTURE_AUTORELEASING = YES;
				CLANG_WARN_BOOL_CONVERSION = YES;
				CLANG_WARN_COMMA = YES;
				CLANG_WARN_CONSTANT_CONVERSION = YES;
				CLANG_WARN_DEPRECATED_OBJC_IMPLEMENTATIONS = YES;
				CLANG_WARN_DIRECT_OBJC_ISA_USAGE = YES_ERROR;
				CLANG_WARN_DOCUMENTATION_COMMENTS = YES;
				CLANG_WARN_EMPTY_BODY = YES;
				CLANG_WARN_ENUM_CONVERSION = YES;
				CLANG_WARN_INFINITE_RECURSION = YES;
				CLANG_WARN_INT_CONVERSION = YES;
				CLANG_WARN_NON_LITERAL_NULL_CONVERSION = YES;
				CLANG_WARN_OBJC_IMPLICIT_RETAIN_SELF = YES;
				CLANG_WARN_OBJC_LITERAL_CONVERSION = YES;
				CLANG_WARN_OBJC_ROOT_CLASS = YES_ERROR;
				CLANG_WARN_QUOTED_INCLUDE_IN_FRAMEWORK_HEADER = YES;
				CLANG_WARN_RANGE_LOOP_ANALYSIS = YES;
				CLANG_WARN_STRICT_PROTOTYPES = YES;
				CLANG_WARN_SUSPICIOUS_MOVE = YES;
				CLANG_WARN_UNGUARDED_AVAILABILITY = YES_AGGRESSIVE;
				CLANG_WARN_UNREACHABLE_CODE = YES;
				CLANG_WARN__DUPLICATE_METHOD_MATCH = YES;
				COPY_PHASE_STRIP = NO;
				DEBUG_INFORMATION_FORMAT = dwarf;
				ENABLE_STRICT_OBJC_MSGSEND = YES;
				ENABLE_TESTABILITY = YES;
				GCC_C_LANGUAGE_STANDARD = gnu11;
				GCC_DYNAMIC_NO_PIC = NO;
				GCC_NO_COMMON_BLOCKS = YES;
				GCC_OPTIMIZATION_LEVEL = 0;
				GCC_PREPROCESSOR_DEFINITIONS = (
					"DEBUG=1",
					"$(inherited)",
				);
				GCC_WARN_64_TO_32_BIT_CONVERSION = YES;
				GCC_WARN_ABOUT_RETURN_TYPE = YES_ERROR;
				GCC_WARN_UNDECLARED_SELECTOR = YES;
				GCC_WARN_UNINITIALIZED_AUTOS = YES_AGGRESSIVE;
				GCC_WARN_UNUSED_FUNCTION = YES;
				GCC_WARN_UNUSED_VARIABLE = YES;
				IPHONEOS_DEPLOYMENT_TARGET = 15.4;
				MTL_ENABLE_DEBUG_INFO = INCLUDE_SOURCE;
				MTL_FAST_MATH = YES;
				ONLY_ACTIVE_ARCH = YES;
				SDKROOT = iphoneos;
				SWIFT_ACTIVE_COMPILATION_CONDITIONS = DEBUG;
				SWIFT_OPTIMIZATION_LEVEL = "-Onone";
			};
			name = Debug;
		};
		47F0083427DE181800888EC9 /* Release */ = {
			isa = XCBuildConfiguration;
			buildSettings = {
				ALWAYS_SEARCH_USER_PATHS = NO;
				CLANG_ANALYZER_NONNULL = YES;
				CLANG_ANALYZER_NUMBER_OBJECT_CONVERSION = YES_AGGRESSIVE;
				CLANG_CXX_LANGUAGE_STANDARD = "gnu++17";
				CLANG_ENABLE_MODULES = YES;
				CLANG_ENABLE_OBJC_ARC = YES;
				CLANG_ENABLE_OBJC_WEAK = YES;
				CLANG_WARN_BLOCK_CAPTURE_AUTORELEASING = YES;
				CLANG_WARN_BOOL_CONVERSION = YES;
				CLANG_WARN_COMMA = YES;
				CLANG_WARN_CONSTANT_CONVERSION = YES;
				CLANG_WARN_DEPRECATED_OBJC_IMPLEMENTATIONS = YES;
				CLANG_WARN_DIRECT_OBJC_ISA_USAGE = YES_ERROR;
				CLANG_WARN_DOCUMENTATION_COMMENTS = YES;
				CLANG_WARN_EMPTY_BODY = YES;
				CLANG_WARN_ENUM_CONVERSION = YES;
				CLANG_WARN_INFINITE_RECURSION = YES;
				CLANG_WARN_INT_CONVERSION = YES;
				CLANG_WARN_NON_LITERAL_NULL_CONVERSION = YES;
				CLANG_WARN_OBJC_IMPLICIT_RETAIN_SELF = YES;
				CLANG_WARN_OBJC_LITERAL_CONVERSION = YES;
				CLANG_WARN_OBJC_ROOT_CLASS = YES_ERROR;
				CLANG_WARN_QUOTED_INCLUDE_IN_FRAMEWORK_HEADER = YES;
				CLANG_WARN_RANGE_LOOP_ANALYSIS = YES;
				CLANG_WARN_STRICT_PROTOTYPES = YES;
				CLANG_WARN_SUSPICIOUS_MOVE = YES;
				CLANG_WARN_UNGUARDED_AVAILABILITY = YES_AGGRESSIVE;
				CLANG_WARN_UNREACHABLE_CODE = YES;
				CLANG_WARN__DUPLICATE_METHOD_MATCH = YES;
				COPY_PHASE_STRIP = NO;
				DEBUG_INFORMATION_FORMAT = "dwarf-with-dsym";
				ENABLE_NS_ASSERTIONS = NO;
				ENABLE_STRICT_OBJC_MSGSEND = YES;
				GCC_C_LANGUAGE_STANDARD = gnu11;
				GCC_NO_COMMON_BLOCKS = YES;
				GCC_WARN_64_TO_32_BIT_CONVERSION = YES;
				GCC_WARN_ABOUT_RETURN_TYPE = YES_ERROR;
				GCC_WARN_UNDECLARED_SELECTOR = YES;
				GCC_WARN_UNINITIALIZED_AUTOS = YES_AGGRESSIVE;
				GCC_WARN_UNUSED_FUNCTION = YES;
				GCC_WARN_UNUSED_VARIABLE = YES;
				IPHONEOS_DEPLOYMENT_TARGET = 15.4;
				MTL_ENABLE_DEBUG_INFO = NO;
				MTL_FAST_MATH = YES;
				SDKROOT = iphoneos;
				SWIFT_COMPILATION_MODE = wholemodule;
				SWIFT_OPTIMIZATION_LEVEL = "-O";
				VALIDATE_PRODUCT = YES;
			};
			name = Release;
		};
		47F0083627DE181800888EC9 /* Debug */ = {
			isa = XCBuildConfiguration;
			buildSettings = {
				ASSETCATALOG_COMPILER_APPICON_NAME = AppIcon;
				ASSETCATALOG_COMPILER_GLOBAL_ACCENT_COLOR_NAME = AccentColor;
				CODE_SIGN_STYLE = Automatic;
				CURRENT_PROJECT_VERSION = 1;
				DEVELOPMENT_ASSET_PATHS = "\"UI-504/Preview Content\"";
				DEVELOPMENT_TEAM = 8CL4U468K5;
				ENABLE_PREVIEWS = YES;
				GENERATE_INFOPLIST_FILE = YES;
				INFOPLIST_KEY_UIApplicationSceneManifest_Generation = YES;
				INFOPLIST_KEY_UIApplicationSupportsIndirectInputEvents = YES;
				INFOPLIST_KEY_UILaunchScreen_Generation = YES;
				INFOPLIST_KEY_UISupportedInterfaceOrientations_iPad = "UIInterfaceOrientationPortrait UIInterfaceOrientationPortraitUpsideDown UIInterfaceOrientationLandscapeLeft UIInterfaceOrientationLandscapeRight";
				INFOPLIST_KEY_UISupportedInterfaceOrientations_iPhone = "UIInterfaceOrientationPortrait UIInterfaceOrientationLandscapeLeft UIInterfaceOrientationLandscapeRight";
				LD_RUNPATH_SEARCH_PATHS = (
					"$(inherited)",
					"@executable_path/Frameworks",
				);
				MARKETING_VERSION = 1.0;
				PRODUCT_BUNDLE_IDENTIFIER = "com.585.UI-504";
				PRODUCT_NAME = "$(TARGET_NAME)";
				SWIFT_EMIT_LOC_STRINGS = YES;
				SWIFT_VERSION = 5.0;
				TARGETED_DEVICE_FAMILY = "1,2";
			};
			name = Debug;
		};
		47F0083727DE181800888EC9 /* Release */ = {
			isa = XCBuildConfiguration;
			buildSettings = {
				ASSETCATALOG_COMPILER_APPICON_NAME = AppIcon;
				ASSETCATALOG_COMPILER_GLOBAL_ACCENT_COLOR_NAME = AccentColor;
				CODE_SIGN_STYLE = Automatic;
				CURRENT_PROJECT_VERSION = 1;
				DEVELOPMENT_ASSET_PATHS = "\"UI-504/Preview Content\"";
				DEVELOPMENT_TEAM = 8CL4U468K5;
				ENABLE_PREVIEWS = YES;
				GENERATE_INFOPLIST_FILE = YES;
				INFOPLIST_KEY_UIApplicationSceneManifest_Generation = YES;
				INFOPLIST_KEY_UIApplicationSupportsIndirectInputEvents = YES;
				INFOPLIST_KEY_UILaunchScreen_Generation = YES;
				INFOPLIST_KEY_UISupportedInterfaceOrientations_iPad = "UIInterfaceOrientationPortrait UIInterfaceOrientationPortraitUpsideDown UIInterfaceOrientationLandscapeLeft UIInterfaceOrientationLandscapeRight";
				INFOPLIST_KEY_UISupportedInterfaceOrientations_iPhone = "UIInterfaceOrientationPortrait UIInterfaceOrientationLandscapeLeft UIInterfaceOrientationLandscapeRight";
				LD_RUNPATH_SEARCH_PATHS = (
					"$(inherited)",
					"@executable_path/Frameworks",
				);
				MARKETING_VERSION = 1.0;
				PRODUCT_BUNDLE_IDENTIFIER = "com.585.UI-504";
				PRODUCT_NAME = "$(TARGET_NAME)";
				SWIFT_EMIT_LOC_STRINGS = YES;
				SWIFT_VERSION = 5.0;
				TARGETED_DEVICE_FAMILY = "1,2";
			};
			name = Release;
		};
		47F0083927DE181800888EC9 /* Debug */ = {
			isa = XCBuildConfiguration;
			buildSettings = {
				ALWAYS_EMBED_SWIFT_STANDARD_LIBRARIES = YES;
				BUNDLE_LOADER = "$(TEST_HOST)";
				CODE_SIGN_STYLE = Automatic;
				CURRENT_PROJECT_VERSION = 1;
				DEVELOPMENT_TEAM = 8CL4U468K5;
				GENERATE_INFOPLIST_FILE = YES;
				IPHONEOS_DEPLOYMENT_TARGET = 15.4;
				MARKETING_VERSION = 1.0;
				PRODUCT_BUNDLE_IDENTIFIER = "com.585.UI-504Tests";
				PRODUCT_NAME = "$(TARGET_NAME)";
				SWIFT_EMIT_LOC_STRINGS = NO;
				SWIFT_VERSION = 5.0;
				TARGETED_DEVICE_FAMILY = "1,2";
				TEST_HOST = "$(BUILT_PRODUCTS_DIR)/UI-504.app/UI-504";
			};
			name = Debug;
		};
		47F0083A27DE181800888EC9 /* Release */ = {
			isa = XCBuildConfiguration;
			buildSettings = {
				ALWAYS_EMBED_SWIFT_STANDARD_LIBRARIES = YES;
				BUNDLE_LOADER = "$(TEST_HOST)";
				CODE_SIGN_STYLE = Automatic;
				CURRENT_PROJECT_VERSION = 1;
				DEVELOPMENT_TEAM = 8CL4U468K5;
				GENERATE_INFOPLIST_FILE = YES;
				IPHONEOS_DEPLOYMENT_TARGET = 15.4;
				MARKETING_VERSION = 1.0;
				PRODUCT_BUNDLE_IDENTIFIER = "com.585.UI-504Tests";
				PRODUCT_NAME = "$(TARGET_NAME)";
				SWIFT_EMIT_LOC_STRINGS = NO;
				SWIFT_VERSION = 5.0;
				TARGETED_DEVICE_FAMILY = "1,2";
				TEST_HOST = "$(BUILT_PRODUCTS_DIR)/UI-504.app/UI-504";
			};
			name = Release;
		};
		47F0083C27DE181800888EC9 /* Debug */ = {
			isa = XCBuildConfiguration;
			buildSettings = {
				ALWAYS_EMBED_SWIFT_STANDARD_LIBRARIES = YES;
				CODE_SIGN_STYLE = Automatic;
				CURRENT_PROJECT_VERSION = 1;
				DEVELOPMENT_TEAM = 8CL4U468K5;
				GENERATE_INFOPLIST_FILE = YES;
				MARKETING_VERSION = 1.0;
				PRODUCT_BUNDLE_IDENTIFIER = "com.585.UI-504UITests";
				PRODUCT_NAME = "$(TARGET_NAME)";
				SWIFT_EMIT_LOC_STRINGS = NO;
				SWIFT_VERSION = 5.0;
				TARGETED_DEVICE_FAMILY = "1,2";
				TEST_TARGET_NAME = "UI-504";
			};
			name = Debug;
		};
		47F0083D27DE181800888EC9 /* Release */ = {
			isa = XCBuildConfiguration;
			buildSettings = {
				ALWAYS_EMBED_SWIFT_STANDARD_LIBRARIES = YES;
				CODE_SIGN_STYLE = Automatic;
				CURRENT_PROJECT_VERSION = 1;
				DEVELOPMENT_TEAM = 8CL4U468K5;
				GENERATE_INFOPLIST_FILE = YES;
				MARKETING_VERSION = 1.0;
				PRODUCT_BUNDLE_IDENTIFIER = "com.585.UI-504UITests";
				PRODUCT_NAME = "$(TARGET_NAME)";
				SWIFT_EMIT_LOC_STRINGS = NO;
				SWIFT_VERSION = 5.0;
				TARGETED_DEVICE_FAMILY = "1,2";
				TEST_TARGET_NAME = "UI-504";
			};
			name = Release;
		};
/* End XCBuildConfiguration section */

/* Begin XCConfigurationList section */
		47F0080C27DE181700888EC9 /* Build configuration list for PBXProject "UI-504" */ = {
			isa = XCConfigurationList;
			buildConfigurations = (
				47F0083327DE181800888EC9 /* Debug */,
				47F0083427DE181800888EC9 /* Release */,
			);
			defaultConfigurationIsVisible = 0;
			defaultConfigurationName = Release;
		};
		47F0083527DE181800888EC9 /* Build configuration list for PBXNativeTarget "UI-504" */ = {
			isa = XCConfigurationList;
			buildConfigurations = (
				47F0083627DE181800888EC9 /* Debug */,
				47F0083727DE181800888EC9 /* Release */,
			);
			defaultConfigurationIsVisible = 0;
			defaultConfigurationName = Release;
		};
		47F0083827DE181800888EC9 /* Build configuration list for PBXNativeTarget "UI-504Tests" */ = {
			isa = XCConfigurationList;
			buildConfigurations = (
				47F0083927DE181800888EC9 /* Debug */,
				47F0083A27DE181800888EC9 /* Release */,
			);
			defaultConfigurationIsVisible = 0;
			defaultConfigurationName = Release;
		};
		47F0083B27DE181800888EC9 /* Build configuration list for PBXNativeTarget "UI-504UITests" */ = {
			isa = XCConfigurationList;
			buildConfigurations = (
				47F0083C27DE181800888EC9 /* Debug */,
				47F0083D27DE181800888EC9 /* Release */,
			);
			defaultConfigurationIsVisible = 0;
			defaultConfigurationName = Release;
		};
/* End XCConfigurationList section */

/* Begin XCRemoteSwiftPackageReference section */
		47F0084327DE187100888EC9 /* XCRemoteSwiftPackageReference "lottie-ios" */ = {
			isa = XCRemoteSwiftPackageReference;
			repositoryURL = "https://github.com/airbnb/lottie-ios.git";
			requirement = {
				kind = upToNextMajorVersion;
				minimumVersion = 3.0.0;
			};
		};
/* End XCRemoteSwiftPackageReference section */

/* Begin XCSwiftPackageProductDependency section */
		47F0084427DE187100888EC9 /* Lottie */ = {
			isa = XCSwiftPackageProductDependency;
			package = 47F0084327DE187100888EC9 /* XCRemoteSwiftPackageReference "lottie-ios" */;
			productName = Lottie;
		};
/* End XCSwiftPackageProductDependency section */
	};
	rootObject = 47F0080927DE181700888EC9 /* Project object */;
}
